// !$*UTF8*$!
{
	archiveVersion = 1;
	classes = {
	};
	objectVersion = 56;
	objects = {

/* Begin PBXBuildFile section */
		B466831028FD429E003174DE /* AuthViewModel.swift in Sources */ = {isa = PBXBuildFile; fileRef = B466830F28FD429E003174DE /* AuthViewModel.swift */; };
		B466831228FE8C3B003174DE /* ProfilePhotoSelectionView.swift in Sources */ = {isa = PBXBuildFile; fileRef = B466831128FE8C3A003174DE /* ProfilePhotoSelectionView.swift */; };
		B466831528FEA279003174DE /* ImagePicker.swift in Sources */ = {isa = PBXBuildFile; fileRef = B466831428FEA279003174DE /* ImagePicker.swift */; };
		B490B1FD28FCA29000844563 /* OrderedCollections in Frameworks */ = {isa = PBXBuildFile; productRef = B490B1FC28FCA29000844563 /* OrderedCollections */; };
		B490B20028FD2F9500844563 /* FirebaseAuth in Frameworks */ = {isa = PBXBuildFile; productRef = B490B1FF28FD2F9500844563 /* FirebaseAuth */; };
		B490B20228FD2F9500844563 /* FirebaseFirestore in Frameworks */ = {isa = PBXBuildFile; productRef = B490B20128FD2F9500844563 /* FirebaseFirestore */; };
		B490B20428FD2F9500844563 /* FirebaseFirestoreSwift in Frameworks */ = {isa = PBXBuildFile; productRef = B490B20328FD2F9500844563 /* FirebaseFirestoreSwift */; };
		B490B20628FD2F9500844563 /* FirebaseStorage in Frameworks */ = {isa = PBXBuildFile; productRef = B490B20528FD2F9500844563 /* FirebaseStorage */; };
		B498DEBB28FEC9C6001A5E2E /* ImageUploader.swift in Sources */ = {isa = PBXBuildFile; fileRef = B498DEBA28FEC9C6001A5E2E /* ImageUploader.swift */; };
		B4BF53DE28F5528B0019ED81 /* TwitterCloneSwiftUiApp.swift in Sources */ = {isa = PBXBuildFile; fileRef = B4BF53DD28F5528B0019ED81 /* TwitterCloneSwiftUiApp.swift */; };
		B4BF53E028F5528B0019ED81 /* ContentView.swift in Sources */ = {isa = PBXBuildFile; fileRef = B4BF53DF28F5528B0019ED81 /* ContentView.swift */; };
		B4BF53E228F5528C0019ED81 /* Assets.xcassets in Resources */ = {isa = PBXBuildFile; fileRef = B4BF53E128F5528C0019ED81 /* Assets.xcassets */; };
		B4BF53E528F5528C0019ED81 /* Preview Assets.xcassets in Resources */ = {isa = PBXBuildFile; fileRef = B4BF53E428F5528C0019ED81 /* Preview Assets.xcassets */; };
		B4BF53F728F555680019ED81 /* FeedView.swift in Sources */ = {isa = PBXBuildFile; fileRef = B4BF53F628F555680019ED81 /* FeedView.swift */; };
		B4BF53FA28F557090019ED81 /* TweetRowView.swift in Sources */ = {isa = PBXBuildFile; fileRef = B4BF53F928F557090019ED81 /* TweetRowView.swift */; };
		B4BF53FD28F561990019ED81 /* MainTabView.swift in Sources */ = {isa = PBXBuildFile; fileRef = B4BF53FC28F561990019ED81 /* MainTabView.swift */; };
		B4BF540328F5649D0019ED81 /* ExploreView.swift in Sources */ = {isa = PBXBuildFile; fileRef = B4BF540228F5649D0019ED81 /* ExploreView.swift */; };
		B4BF540528F564C60019ED81 /* NotificationsView.swift in Sources */ = {isa = PBXBuildFile; fileRef = B4BF540428F564C60019ED81 /* NotificationsView.swift */; };
		B4BF540728F564E90019ED81 /* MessagesView.swift in Sources */ = {isa = PBXBuildFile; fileRef = B4BF540628F564E90019ED81 /* MessagesView.swift */; };
		B4C6BA1928F5694700344499 /* .gitignore in Resources */ = {isa = PBXBuildFile; fileRef = B4C6BA1828F5694700344499 /* .gitignore */; };
		B4C6BA1D28F579F400344499 /* ProfileView.swift in Sources */ = {isa = PBXBuildFile; fileRef = B4C6BA1C28F579F400344499 /* ProfileView.swift */; };
		B4C6BA1F28F68A0900344499 /* TweetFilterVM.swift in Sources */ = {isa = PBXBuildFile; fileRef = B4C6BA1E28F68A0900344499 /* TweetFilterVM.swift */; };
		B4C6BA2428F71A3B00344499 /* UserRowView.swift in Sources */ = {isa = PBXBuildFile; fileRef = B4C6BA2328F71A3B00344499 /* UserRowView.swift */; };
		B4C6BA2928F7314500344499 /* SideMenuView.swift in Sources */ = {isa = PBXBuildFile; fileRef = B4C6BA2828F7314500344499 /* SideMenuView.swift */; };
		B4C6BA2D28F732EE00344499 /* SideViewVM.swift in Sources */ = {isa = PBXBuildFile; fileRef = B4C6BA2C28F732EE00344499 /* SideViewVM.swift */; };
		B4C6BA2F28F7370700344499 /* UserStatsView.swift in Sources */ = {isa = PBXBuildFile; fileRef = B4C6BA2E28F7370700344499 /* UserStatsView.swift */; };
		B4C6BA3128F8009900344499 /* SideMenuOptionRowView.swift in Sources */ = {isa = PBXBuildFile; fileRef = B4C6BA3028F8009900344499 /* SideMenuOptionRowView.swift */; };
		B4C6BA3628F8206500344499 /* NewTweetView.swift in Sources */ = {isa = PBXBuildFile; fileRef = B4C6BA3528F8206500344499 /* NewTweetView.swift */; };
		B4C6BA3828F8226B00344499 /* TextArea.swift in Sources */ = {isa = PBXBuildFile; fileRef = B4C6BA3728F8226B00344499 /* TextArea.swift */; };
		B4C6BA3D28F890F000344499 /* LoginView.swift in Sources */ = {isa = PBXBuildFile; fileRef = B4C6BA3C28F890F000344499 /* LoginView.swift */; };
		B4C6BA3F28F8910600344499 /* RegistrationView.swift in Sources */ = {isa = PBXBuildFile; fileRef = B4C6BA3E28F8910600344499 /* RegistrationView.swift */; };
		B4C6BA4128F894A900344499 /* RoundedShape.swift in Sources */ = {isa = PBXBuildFile; fileRef = B4C6BA4028F894A900344499 /* RoundedShape.swift */; };
		B4C6BA4328F9B9A400344499 /* CustomInputFields.swift in Sources */ = {isa = PBXBuildFile; fileRef = B4C6BA4228F9B9A400344499 /* CustomInputFields.swift */; };
		B4C6BA4628F9BE3800344499 /* AuthHeaderView.swift in Sources */ = {isa = PBXBuildFile; fileRef = B4C6BA4528F9BE3800344499 /* AuthHeaderView.swift */; };
		B4C6BA4E28FC5A7500344499 /* GoogleService-Info.plist in Resources */ = {isa = PBXBuildFile; fileRef = B4C6BA4D28FC5A7500344499 /* GoogleService-Info.plist */; };
/* End PBXBuildFile section */

/* Begin PBXFileReference section */
		B466830F28FD429E003174DE /* AuthViewModel.swift */ = {isa = PBXFileReference; lastKnownFileType = sourcecode.swift; path = AuthViewModel.swift; sourceTree = "<group>"; };
		B466831128FE8C3A003174DE /* ProfilePhotoSelectionView.swift */ = {isa = PBXFileReference; lastKnownFileType = sourcecode.swift; path = ProfilePhotoSelectionView.swift; sourceTree = "<group>"; };
		B466831428FEA279003174DE /* ImagePicker.swift */ = {isa = PBXFileReference; lastKnownFileType = sourcecode.swift; path = ImagePicker.swift; sourceTree = "<group>"; };
		B498DEBA28FEC9C6001A5E2E /* ImageUploader.swift */ = {isa = PBXFileReference; lastKnownFileType = sourcecode.swift; path = ImageUploader.swift; sourceTree = "<group>"; };
		B4BF53DA28F5528B0019ED81 /* TwitterCloneSwiftUi.app */ = {isa = PBXFileReference; explicitFileType = wrapper.application; includeInIndex = 0; path = TwitterCloneSwiftUi.app; sourceTree = BUILT_PRODUCTS_DIR; };
		B4BF53DD28F5528B0019ED81 /* TwitterCloneSwiftUiApp.swift */ = {isa = PBXFileReference; lastKnownFileType = sourcecode.swift; path = TwitterCloneSwiftUiApp.swift; sourceTree = "<group>"; };
		B4BF53DF28F5528B0019ED81 /* ContentView.swift */ = {isa = PBXFileReference; lastKnownFileType = sourcecode.swift; path = ContentView.swift; sourceTree = "<group>"; };
		B4BF53E128F5528C0019ED81 /* Assets.xcassets */ = {isa = PBXFileReference; lastKnownFileType = folder.assetcatalog; path = Assets.xcassets; sourceTree = "<group>"; };
		B4BF53E428F5528C0019ED81 /* Preview Assets.xcassets */ = {isa = PBXFileReference; lastKnownFileType = folder.assetcatalog; path = "Preview Assets.xcassets"; sourceTree = "<group>"; };
		B4BF53F628F555680019ED81 /* FeedView.swift */ = {isa = PBXFileReference; lastKnownFileType = sourcecode.swift; path = FeedView.swift; sourceTree = "<group>"; };
		B4BF53F928F557090019ED81 /* TweetRowView.swift */ = {isa = PBXFileReference; lastKnownFileType = sourcecode.swift; path = TweetRowView.swift; sourceTree = "<group>"; };
		B4BF53FC28F561990019ED81 /* MainTabView.swift */ = {isa = PBXFileReference; lastKnownFileType = sourcecode.swift; path = MainTabView.swift; sourceTree = "<group>"; };
		B4BF540228F5649D0019ED81 /* ExploreView.swift */ = {isa = PBXFileReference; lastKnownFileType = sourcecode.swift; path = ExploreView.swift; sourceTree = "<group>"; };
		B4BF540428F564C60019ED81 /* NotificationsView.swift */ = {isa = PBXFileReference; lastKnownFileType = sourcecode.swift; path = NotificationsView.swift; sourceTree = "<group>"; };
		B4BF540628F564E90019ED81 /* MessagesView.swift */ = {isa = PBXFileReference; lastKnownFileType = sourcecode.swift; path = MessagesView.swift; sourceTree = "<group>"; };
		B4C6BA1828F5694700344499 /* .gitignore */ = {isa = PBXFileReference; lastKnownFileType = text; path = .gitignore; sourceTree = "<group>"; };
		B4C6BA1C28F579F400344499 /* ProfileView.swift */ = {isa = PBXFileReference; lastKnownFileType = sourcecode.swift; path = ProfileView.swift; sourceTree = "<group>"; };
		B4C6BA1E28F68A0900344499 /* TweetFilterVM.swift */ = {isa = PBXFileReference; lastKnownFileType = sourcecode.swift; path = TweetFilterVM.swift; sourceTree = "<group>"; };
		B4C6BA2328F71A3B00344499 /* UserRowView.swift */ = {isa = PBXFileReference; lastKnownFileType = sourcecode.swift; path = UserRowView.swift; sourceTree = "<group>"; };
		B4C6BA2828F7314500344499 /* SideMenuView.swift */ = {isa = PBXFileReference; lastKnownFileType = sourcecode.swift; path = SideMenuView.swift; sourceTree = "<group>"; };
		B4C6BA2C28F732EE00344499 /* SideViewVM.swift */ = {isa = PBXFileReference; lastKnownFileType = sourcecode.swift; path = SideViewVM.swift; sourceTree = "<group>"; };
		B4C6BA2E28F7370700344499 /* UserStatsView.swift */ = {isa = PBXFileReference; lastKnownFileType = sourcecode.swift; path = UserStatsView.swift; sourceTree = "<group>"; };
		B4C6BA3028F8009900344499 /* SideMenuOptionRowView.swift */ = {isa = PBXFileReference; lastKnownFileType = sourcecode.swift; path = SideMenuOptionRowView.swift; sourceTree = "<group>"; };
		B4C6BA3528F8206500344499 /* NewTweetView.swift */ = {isa = PBXFileReference; lastKnownFileType = sourcecode.swift; path = NewTweetView.swift; sourceTree = "<group>"; };
		B4C6BA3728F8226B00344499 /* TextArea.swift */ = {isa = PBXFileReference; lastKnownFileType = sourcecode.swift; path = TextArea.swift; sourceTree = "<group>"; };
		B4C6BA3C28F890F000344499 /* LoginView.swift */ = {isa = PBXFileReference; lastKnownFileType = sourcecode.swift; path = LoginView.swift; sourceTree = "<group>"; };
		B4C6BA3E28F8910600344499 /* RegistrationView.swift */ = {isa = PBXFileReference; lastKnownFileType = sourcecode.swift; path = RegistrationView.swift; sourceTree = "<group>"; };
		B4C6BA4028F894A900344499 /* RoundedShape.swift */ = {isa = PBXFileReference; lastKnownFileType = sourcecode.swift; path = RoundedShape.swift; sourceTree = "<group>"; };
		B4C6BA4228F9B9A400344499 /* CustomInputFields.swift */ = {isa = PBXFileReference; lastKnownFileType = sourcecode.swift; path = CustomInputFields.swift; sourceTree = "<group>"; };
		B4C6BA4528F9BE3800344499 /* AuthHeaderView.swift */ = {isa = PBXFileReference; lastKnownFileType = sourcecode.swift; path = AuthHeaderView.swift; sourceTree = "<group>"; };
		B4C6BA4D28FC5A7500344499 /* GoogleService-Info.plist */ = {isa = PBXFileReference; lastKnownFileType = text.plist; path = "GoogleService-Info.plist"; sourceTree = SOURCE_ROOT; };
/* End PBXFileReference section */

/* Begin PBXFrameworksBuildPhase section */
		B4BF53D728F5528B0019ED81 /* Frameworks */ = {
			isa = PBXFrameworksBuildPhase;
			buildActionMask = 2147483647;
			files = (
				B490B1FD28FCA29000844563 /* OrderedCollections in Frameworks */,
				B490B20028FD2F9500844563 /* FirebaseAuth in Frameworks */,
				B490B20228FD2F9500844563 /* FirebaseFirestore in Frameworks */,
				B490B20628FD2F9500844563 /* FirebaseStorage in Frameworks */,
				B490B20428FD2F9500844563 /* FirebaseFirestoreSwift in Frameworks */,
			);
			runOnlyForDeploymentPostprocessing = 0;
		};
/* End PBXFrameworksBuildPhase section */

/* Begin PBXGroup section */
		B466831328FEA260003174DE /* Utilities */ = {
			isa = PBXGroup;
			children = (
				B466831428FEA279003174DE /* ImagePicker.swift */,
			);
			path = Utilities;
			sourceTree = "<group>";
		};
		B4BF53D128F5528B0019ED81 = {
			isa = PBXGroup;
			children = (
				B4C6BA1828F5694700344499 /* .gitignore */,
				B4BF53DC28F5528B0019ED81 /* TwitterCloneSwiftUi */,
				B4BF53DB28F5528B0019ED81 /* Products */,
			);
			sourceTree = "<group>";
		};
		B4BF53DB28F5528B0019ED81 /* Products */ = {
			isa = PBXGroup;
			children = (
				B4BF53DA28F5528B0019ED81 /* TwitterCloneSwiftUi.app */,
			);
			name = Products;
			sourceTree = "<group>";
		};
		B4BF53DC28F5528B0019ED81 /* TwitterCloneSwiftUi */ = {
			isa = PBXGroup;
			children = (
				B466831328FEA260003174DE /* Utilities */,
				B4BF53F128F552F60019ED81 /* Model */,
				B4BF53F028F552F40019ED81 /* Service */,
				B4BF53ED28F552CE0019ED81 /* Core */,
				B4BF53EB28F552AB0019ED81 /* Extensions */,
				B4BF53DD28F5528B0019ED81 /* TwitterCloneSwiftUiApp.swift */,
				B4BF53DF28F5528B0019ED81 /* ContentView.swift */,
				B4BF53E128F5528C0019ED81 /* Assets.xcassets */,
				B4C6BA4D28FC5A7500344499 /* GoogleService-Info.plist */,
				B4BF53E328F5528C0019ED81 /* Preview Content */,
			);
			path = TwitterCloneSwiftUi;
			sourceTree = "<group>";
		};
		B4BF53E328F5528C0019ED81 /* Preview Content */ = {
			isa = PBXGroup;
			children = (
				B4BF53E428F5528C0019ED81 /* Preview Assets.xcassets */,
			);
			path = "Preview Content";
			sourceTree = "<group>";
		};
		B4BF53EB28F552AB0019ED81 /* Extensions */ = {
			isa = PBXGroup;
			children = (
			);
			path = Extensions;
			sourceTree = "<group>";
		};
		B4BF53ED28F552CE0019ED81 /* Core */ = {
			isa = PBXGroup;
			children = (
				B4C6BA3928F890AF00344499 /* Authentication */,
				B4BF53F228F553340019ED81 /* Components */,
				B4C6BA3228F8203500344499 /* UploadTweet */,
				B4BF540128F5636A0019ED81 /* Profile */,
				B4BF53FE28F563470019ED81 /* Explore */,
				B4BF53FF28F5634F0019ED81 /* Notifications */,
				B4BF540028F5635F0019ED81 /* Messages */,
				B4BF53FB28F5617A0019ED81 /* MainTab */,
				B4BF53F328F5533B0019ED81 /* Feed */,
			);
			path = Core;
			sourceTree = "<group>";
		};
		B4BF53F028F552F40019ED81 /* Service */ = {
			isa = PBXGroup;
			children = (
				B498DEBA28FEC9C6001A5E2E /* ImageUploader.swift */,
			);
			path = Service;
			sourceTree = "<group>";
		};
		B4BF53F128F552F60019ED81 /* Model */ = {
			isa = PBXGroup;
			children = (
			);
			path = Model;
			sourceTree = "<group>";
		};
		B4BF53F228F553340019ED81 /* Components */ = {
			isa = PBXGroup;
			children = (
				B4C6BA4428F9BE0A00344499 /* Authentication */,
				B4C6BA2528F7311C00344499 /* SideView */,
				B4C6BA2228F71A2E00344499 /* Users */,
				B4BF53F828F556C60019ED81 /* Tweets */,
				B4C6BA3728F8226B00344499 /* TextArea.swift */,
				B4C6BA4028F894A900344499 /* RoundedShape.swift */,
				B4C6BA4228F9B9A400344499 /* CustomInputFields.swift */,
			);
			path = Components;
			sourceTree = "<group>";
		};
		B4BF53F328F5533B0019ED81 /* Feed */ = {
			isa = PBXGroup;
			children = (
				B4BF53F528F555350019ED81 /* View */,
				B4BF53F428F5552C0019ED81 /* ViewModels */,
			);
			path = Feed;
			sourceTree = "<group>";
		};
		B4BF53F428F5552C0019ED81 /* ViewModels */ = {
			isa = PBXGroup;
			children = (
			);
			path = ViewModels;
			sourceTree = "<group>";
		};
		B4BF53F528F555350019ED81 /* View */ = {
			isa = PBXGroup;
			children = (
				B4BF53F628F555680019ED81 /* FeedView.swift */,
			);
			path = View;
			sourceTree = "<group>";
		};
		B4BF53F828F556C60019ED81 /* Tweets */ = {
			isa = PBXGroup;
			children = (
				B4BF53F928F557090019ED81 /* TweetRowView.swift */,
			);
			path = Tweets;
			sourceTree = "<group>";
		};
		B4BF53FB28F5617A0019ED81 /* MainTab */ = {
			isa = PBXGroup;
			children = (
				B4BF53FC28F561990019ED81 /* MainTabView.swift */,
			);
			path = MainTab;
			sourceTree = "<group>";
		};
		B4BF53FE28F563470019ED81 /* Explore */ = {
			isa = PBXGroup;
			children = (
				B4C6BA2128F719D100344499 /* Views */,
				B4C6BA2028F719C700344499 /* ViewModels */,
			);
			path = Explore;
			sourceTree = "<group>";
		};
		B4BF53FF28F5634F0019ED81 /* Notifications */ = {
			isa = PBXGroup;
			children = (
				B4BF540428F564C60019ED81 /* NotificationsView.swift */,
			);
			path = Notifications;
			sourceTree = "<group>";
		};
		B4BF540028F5635F0019ED81 /* Messages */ = {
			isa = PBXGroup;
			children = (
				B4BF540628F564E90019ED81 /* MessagesView.swift */,
			);
			path = Messages;
			sourceTree = "<group>";
		};
		B4BF540128F5636A0019ED81 /* Profile */ = {
			isa = PBXGroup;
			children = (
				B4C6BA1B28F579DA00344499 /* Views */,
				B4C6BA1A28F579CB00344499 /* ViewModels */,
			);
			path = Profile;
			sourceTree = "<group>";
		};
		B4C6BA1A28F579CB00344499 /* ViewModels */ = {
			isa = PBXGroup;
			children = (
				B4C6BA1E28F68A0900344499 /* TweetFilterVM.swift */,
			);
			path = ViewModels;
			sourceTree = "<group>";
		};
		B4C6BA1B28F579DA00344499 /* Views */ = {
			isa = PBXGroup;
			children = (
				B4C6BA1C28F579F400344499 /* ProfileView.swift */,
			);
			path = Views;
			sourceTree = "<group>";
		};
		B4C6BA2028F719C700344499 /* ViewModels */ = {
			isa = PBXGroup;
			children = (
			);
			path = ViewModels;
			sourceTree = "<group>";
		};
		B4C6BA2128F719D100344499 /* Views */ = {
			isa = PBXGroup;
			children = (
				B4BF540228F5649D0019ED81 /* ExploreView.swift */,
			);
			path = Views;
			sourceTree = "<group>";
		};
		B4C6BA2228F71A2E00344499 /* Users */ = {
			isa = PBXGroup;
			children = (
				B4C6BA2328F71A3B00344499 /* UserRowView.swift */,
				B4C6BA2E28F7370700344499 /* UserStatsView.swift */,
			);
			path = Users;
			sourceTree = "<group>";
		};
		B4C6BA2528F7311C00344499 /* SideView */ = {
			isa = PBXGroup;
			children = (
				B4C6BA2728F7312A00344499 /* Views */,
				B4C6BA2628F7312200344499 /* ViewModels */,
			);
			path = SideView;
			sourceTree = "<group>";
		};
		B4C6BA2628F7312200344499 /* ViewModels */ = {
			isa = PBXGroup;
			children = (
				B4C6BA2C28F732EE00344499 /* SideViewVM.swift */,
			);
			path = ViewModels;
			sourceTree = "<group>";
		};
		B4C6BA2728F7312A00344499 /* Views */ = {
			isa = PBXGroup;
			children = (
				B4C6BA2828F7314500344499 /* SideMenuView.swift */,
				B4C6BA3028F8009900344499 /* SideMenuOptionRowView.swift */,
			);
			path = Views;
			sourceTree = "<group>";
		};
		B4C6BA3228F8203500344499 /* UploadTweet */ = {
			isa = PBXGroup;
			children = (
				B4C6BA3428F8205200344499 /* Views */,
				B4C6BA3328F8204B00344499 /* ViewModels */,
			);
			path = UploadTweet;
			sourceTree = "<group>";
		};
		B4C6BA3328F8204B00344499 /* ViewModels */ = {
			isa = PBXGroup;
			children = (
			);
			path = ViewModels;
			sourceTree = "<group>";
		};
		B4C6BA3428F8205200344499 /* Views */ = {
			isa = PBXGroup;
			children = (
				B4C6BA3528F8206500344499 /* NewTweetView.swift */,
			);
			path = Views;
			sourceTree = "<group>";
		};
		B4C6BA3928F890AF00344499 /* Authentication */ = {
			isa = PBXGroup;
			children = (
				B4C6BA3B28F890CB00344499 /* Views */,
				B4C6BA3A28F890BE00344499 /* ViewModels */,
			);
			path = Authentication;
			sourceTree = "<group>";
		};
		B4C6BA3A28F890BE00344499 /* ViewModels */ = {
			isa = PBXGroup;
			children = (
				B466830F28FD429E003174DE /* AuthViewModel.swift */,
			);
			path = ViewModels;
			sourceTree = "<group>";
		};
		B4C6BA3B28F890CB00344499 /* Views */ = {
			isa = PBXGroup;
			children = (
				B4C6BA3C28F890F000344499 /* LoginView.swift */,
				B4C6BA3E28F8910600344499 /* RegistrationView.swift */,
				B466831128FE8C3A003174DE /* ProfilePhotoSelectionView.swift */,
			);
			path = Views;
			sourceTree = "<group>";
		};
		B4C6BA4428F9BE0A00344499 /* Authentication */ = {
			isa = PBXGroup;
			children = (
				B4C6BA4528F9BE3800344499 /* AuthHeaderView.swift */,
			);
			path = Authentication;
			sourceTree = "<group>";
		};
/* End PBXGroup section */

/* Begin PBXNativeTarget section */
		B4BF53D928F5528B0019ED81 /* TwitterCloneSwiftUi */ = {
			isa = PBXNativeTarget;
			buildConfigurationList = B4BF53E828F5528C0019ED81 /* Build configuration list for PBXNativeTarget "TwitterCloneSwiftUi" */;
			buildPhases = (
				B4BF53D628F5528B0019ED81 /* Sources */,
				B4BF53D728F5528B0019ED81 /* Frameworks */,
				B4BF53D828F5528B0019ED81 /* Resources */,
			);
			buildRules = (
			);
			dependencies = (
			);
			name = TwitterCloneSwiftUi;
			packageProductDependencies = (
				B490B1FC28FCA29000844563 /* OrderedCollections */,
				B490B1FF28FD2F9500844563 /* FirebaseAuth */,
				B490B20128FD2F9500844563 /* FirebaseFirestore */,
				B490B20328FD2F9500844563 /* FirebaseFirestoreSwift */,
				B490B20528FD2F9500844563 /* FirebaseStorage */,
			);
			productName = TwitterCloneSwiftUi;
			productReference = B4BF53DA28F5528B0019ED81 /* TwitterCloneSwiftUi.app */;
			productType = "com.apple.product-type.application";
		};
/* End PBXNativeTarget section */

/* Begin PBXProject section */
		B4BF53D228F5528B0019ED81 /* Project object */ = {
			isa = PBXProject;
			attributes = {
				BuildIndependentTargetsInParallel = 1;
				LastSwiftUpdateCheck = 1400;
				LastUpgradeCheck = 1400;
				TargetAttributes = {
					B4BF53D928F5528B0019ED81 = {
						CreatedOnToolsVersion = 14.0.1;
					};
				};
			};
			buildConfigurationList = B4BF53D528F5528B0019ED81 /* Build configuration list for PBXProject "TwitterCloneSwiftUi" */;
			compatibilityVersion = "Xcode 14.0";
			developmentRegion = en;
			hasScannedForEncodings = 0;
			knownRegions = (
				en,
				Base,
			);
			mainGroup = B4BF53D128F5528B0019ED81;
			packageReferences = (
				B490B1FB28FCA29000844563 /* XCRemoteSwiftPackageReference "swift-collections" */,
				B490B1FE28FD2F9500844563 /* XCRemoteSwiftPackageReference "firebase-ios-sdk" */,
			);
			productRefGroup = B4BF53DB28F5528B0019ED81 /* Products */;
			projectDirPath = "";
			projectRoot = "";
			targets = (
				B4BF53D928F5528B0019ED81 /* TwitterCloneSwiftUi */,
			);
		};
/* End PBXProject section */

/* Begin PBXResourcesBuildPhase section */
		B4BF53D828F5528B0019ED81 /* Resources */ = {
			isa = PBXResourcesBuildPhase;
			buildActionMask = 2147483647;
			files = (
				B4BF53E528F5528C0019ED81 /* Preview Assets.xcassets in Resources */,
				B4C6BA4E28FC5A7500344499 /* GoogleService-Info.plist in Resources */,
				B4C6BA1928F5694700344499 /* .gitignore in Resources */,
				B4BF53E228F5528C0019ED81 /* Assets.xcassets in Resources */,
			);
			runOnlyForDeploymentPostprocessing = 0;
		};
/* End PBXResourcesBuildPhase section */

/* Begin PBXSourcesBuildPhase section */
		B4BF53D628F5528B0019ED81 /* Sources */ = {
			isa = PBXSourcesBuildPhase;
			buildActionMask = 2147483647;
			files = (
				B4C6BA4328F9B9A400344499 /* CustomInputFields.swift in Sources */,
				B4C6BA2D28F732EE00344499 /* SideViewVM.swift in Sources */,
				B466831528FEA279003174DE /* ImagePicker.swift in Sources */,
				B4BF540728F564E90019ED81 /* MessagesView.swift in Sources */,
				B4C6BA1D28F579F400344499 /* ProfileView.swift in Sources */,
				B498DEBB28FEC9C6001A5E2E /* ImageUploader.swift in Sources */,
				B4BF53E028F5528B0019ED81 /* ContentView.swift in Sources */,
				B4BF53FA28F557090019ED81 /* TweetRowView.swift in Sources */,
				B4BF53F728F555680019ED81 /* FeedView.swift in Sources */,
				B4C6BA3828F8226B00344499 /* TextArea.swift in Sources */,
				B4BF53DE28F5528B0019ED81 /* TwitterCloneSwiftUiApp.swift in Sources */,
				B4C6BA2928F7314500344499 /* SideMenuView.swift in Sources */,
				B4C6BA3628F8206500344499 /* NewTweetView.swift in Sources */,
				B4BF540328F5649D0019ED81 /* ExploreView.swift in Sources */,
				B4BF53FD28F561990019ED81 /* MainTabView.swift in Sources */,
				B4C6BA2428F71A3B00344499 /* UserRowView.swift in Sources */,
				B4C6BA4128F894A900344499 /* RoundedShape.swift in Sources */,
				B4C6BA1F28F68A0900344499 /* TweetFilterVM.swift in Sources */,
				B4C6BA3128F8009900344499 /* SideMenuOptionRowView.swift in Sources */,
				B4C6BA3D28F890F000344499 /* LoginView.swift in Sources */,
				B4BF540528F564C60019ED81 /* NotificationsView.swift in Sources */,
				B466831028FD429E003174DE /* AuthViewModel.swift in Sources */,
				B4C6BA4628F9BE3800344499 /* AuthHeaderView.swift in Sources */,
				B4C6BA2F28F7370700344499 /* UserStatsView.swift in Sources */,
				B466831228FE8C3B003174DE /* ProfilePhotoSelectionView.swift in Sources */,
				B4C6BA3F28F8910600344499 /* RegistrationView.swift in Sources */,
			);
			runOnlyForDeploymentPostprocessing = 0;
		};
/* End PBXSourcesBuildPhase section */

/* Begin XCBuildConfiguration section */
		B4BF53E628F5528C0019ED81 /* Debug */ = {
			isa = XCBuildConfiguration;
			buildSettings = {
				ALWAYS_SEARCH_USER_PATHS = NO;
				CLANG_ANALYZER_NONNULL = YES;
				CLANG_ANALYZER_NUMBER_OBJECT_CONVERSION = YES_AGGRESSIVE;
				CLANG_CXX_LANGUAGE_STANDARD = "gnu++20";
				CLANG_ENABLE_MODULES = YES;
				CLANG_ENABLE_OBJC_ARC = YES;
				CLANG_ENABLE_OBJC_WEAK = YES;
				CLANG_WARN_BLOCK_CAPTURE_AUTORELEASING = YES;
				CLANG_WARN_BOOL_CONVERSION = YES;
				CLANG_WARN_COMMA = YES;
				CLANG_WARN_CONSTANT_CONVERSION = YES;
				CLANG_WARN_DEPRECATED_OBJC_IMPLEMENTATIONS = YES;
				CLANG_WARN_DIRECT_OBJC_ISA_USAGE = YES_ERROR;
				CLANG_WARN_DOCUMENTATION_COMMENTS = YES;
				CLANG_WARN_EMPTY_BODY = YES;
				CLANG_WARN_ENUM_CONVERSION = YES;
				CLANG_WARN_INFINITE_RECURSION = YES;
				CLANG_WARN_INT_CONVERSION = YES;
				CLANG_WARN_NON_LITERAL_NULL_CONVERSION = YES;
				CLANG_WARN_OBJC_IMPLICIT_RETAIN_SELF = YES;
				CLANG_WARN_OBJC_LITERAL_CONVERSION = YES;
				CLANG_WARN_OBJC_ROOT_CLASS = YES_ERROR;
				CLANG_WARN_QUOTED_INCLUDE_IN_FRAMEWORK_HEADER = YES;
				CLANG_WARN_RANGE_LOOP_ANALYSIS = YES;
				CLANG_WARN_STRICT_PROTOTYPES = YES;
				CLANG_WARN_SUSPICIOUS_MOVE = YES;
				CLANG_WARN_UNGUARDED_AVAILABILITY = YES_AGGRESSIVE;
				CLANG_WARN_UNREACHABLE_CODE = YES;
				CLANG_WARN__DUPLICATE_METHOD_MATCH = YES;
				COPY_PHASE_STRIP = NO;
				DEBUG_INFORMATION_FORMAT = dwarf;
				ENABLE_STRICT_OBJC_MSGSEND = YES;
				ENABLE_TESTABILITY = YES;
				GCC_C_LANGUAGE_STANDARD = gnu11;
				GCC_DYNAMIC_NO_PIC = NO;
				GCC_NO_COMMON_BLOCKS = YES;
				GCC_OPTIMIZATION_LEVEL = 0;
				GCC_PREPROCESSOR_DEFINITIONS = (
					"DEBUG=1",
					"$(inherited)",
				);
				GCC_WARN_64_TO_32_BIT_CONVERSION = YES;
				GCC_WARN_ABOUT_RETURN_TYPE = YES_ERROR;
				GCC_WARN_UNDECLARED_SELECTOR = YES;
				GCC_WARN_UNINITIALIZED_AUTOS = YES_AGGRESSIVE;
				GCC_WARN_UNUSED_FUNCTION = YES;
				GCC_WARN_UNUSED_VARIABLE = YES;
				IPHONEOS_DEPLOYMENT_TARGET = 16.0;
				MTL_ENABLE_DEBUG_INFO = INCLUDE_SOURCE;
				MTL_FAST_MATH = YES;
				ONLY_ACTIVE_ARCH = YES;
				SDKROOT = iphoneos;
				SWIFT_ACTIVE_COMPILATION_CONDITIONS = DEBUG;
				SWIFT_OPTIMIZATION_LEVEL = "-Onone";
			};
			name = Debug;
		};
		B4BF53E728F5528C0019ED81 /* Release */ = {
			isa = XCBuildConfiguration;
			buildSettings = {
				ALWAYS_SEARCH_USER_PATHS = NO;
				CLANG_ANALYZER_NONNULL = YES;
				CLANG_ANALYZER_NUMBER_OBJECT_CONVERSION = YES_AGGRESSIVE;
				CLANG_CXX_LANGUAGE_STANDARD = "gnu++20";
				CLANG_ENABLE_MODULES = YES;
				CLANG_ENABLE_OBJC_ARC = YES;
				CLANG_ENABLE_OBJC_WEAK = YES;
				CLANG_WARN_BLOCK_CAPTURE_AUTORELEASING = YES;
				CLANG_WARN_BOOL_CONVERSION = YES;
				CLANG_WARN_COMMA = YES;
				CLANG_WARN_CONSTANT_CONVERSION = YES;
				CLANG_WARN_DEPRECATED_OBJC_IMPLEMENTATIONS = YES;
				CLANG_WARN_DIRECT_OBJC_ISA_USAGE = YES_ERROR;
				CLANG_WARN_DOCUMENTATION_COMMENTS = YES;
				CLANG_WARN_EMPTY_BODY = YES;
				CLANG_WARN_ENUM_CONVERSION = YES;
				CLANG_WARN_INFINITE_RECURSION = YES;
				CLANG_WARN_INT_CONVERSION = YES;
				CLANG_WARN_NON_LITERAL_NULL_CONVERSION = YES;
				CLANG_WARN_OBJC_IMPLICIT_RETAIN_SELF = YES;
				CLANG_WARN_OBJC_LITERAL_CONVERSION = YES;
				CLANG_WARN_OBJC_ROOT_CLASS = YES_ERROR;
				CLANG_WARN_QUOTED_INCLUDE_IN_FRAMEWORK_HEADER = YES;
				CLANG_WARN_RANGE_LOOP_ANALYSIS = YES;
				CLANG_WARN_STRICT_PROTOTYPES = YES;
				CLANG_WARN_SUSPICIOUS_MOVE = YES;
				CLANG_WARN_UNGUARDED_AVAILABILITY = YES_AGGRESSIVE;
				CLANG_WARN_UNREACHABLE_CODE = YES;
				CLANG_WARN__DUPLICATE_METHOD_MATCH = YES;
				COPY_PHASE_STRIP = NO;
				DEBUG_INFORMATION_FORMAT = "dwarf-with-dsym";
				ENABLE_NS_ASSERTIONS = NO;
				ENABLE_STRICT_OBJC_MSGSEND = YES;
				GCC_C_LANGUAGE_STANDARD = gnu11;
				GCC_NO_COMMON_BLOCKS = YES;
				GCC_WARN_64_TO_32_BIT_CONVERSION = YES;
				GCC_WARN_ABOUT_RETURN_TYPE = YES_ERROR;
				GCC_WARN_UNDECLARED_SELECTOR = YES;
				GCC_WARN_UNINITIALIZED_AUTOS = YES_AGGRESSIVE;
				GCC_WARN_UNUSED_FUNCTION = YES;
				GCC_WARN_UNUSED_VARIABLE = YES;
				IPHONEOS_DEPLOYMENT_TARGET = 16.0;
				MTL_ENABLE_DEBUG_INFO = NO;
				MTL_FAST_MATH = YES;
				SDKROOT = iphoneos;
				SWIFT_COMPILATION_MODE = wholemodule;
				SWIFT_OPTIMIZATION_LEVEL = "-O";
				VALIDATE_PRODUCT = YES;
			};
			name = Release;
		};
		B4BF53E928F5528C0019ED81 /* Debug */ = {
			isa = XCBuildConfiguration;
			buildSettings = {
				ASSETCATALOG_COMPILER_APPICON_NAME = AppIcon;
				ASSETCATALOG_COMPILER_GLOBAL_ACCENT_COLOR_NAME = AccentColor;
				CODE_SIGN_STYLE = Automatic;
				CURRENT_PROJECT_VERSION = 1;
				DEVELOPMENT_ASSET_PATHS = "\"TwitterCloneSwiftUi/Preview Content\"";
				DEVELOPMENT_TEAM = Z4S8VL3GHH;
				ENABLE_PREVIEWS = YES;
				GENERATE_INFOPLIST_FILE = YES;
				INFOPLIST_KEY_UIApplicationSceneManifest_Generation = YES;
				INFOPLIST_KEY_UIApplicationSupportsIndirectInputEvents = YES;
				INFOPLIST_KEY_UILaunchScreen_Generation = YES;
				INFOPLIST_KEY_UISupportedInterfaceOrientations_iPad = "UIInterfaceOrientationPortrait UIInterfaceOrientationPortraitUpsideDown UIInterfaceOrientationLandscapeLeft UIInterfaceOrientationLandscapeRight";
				INFOPLIST_KEY_UISupportedInterfaceOrientations_iPhone = "UIInterfaceOrientationPortrait UIInterfaceOrientationLandscapeLeft UIInterfaceOrientationLandscapeRight";
				LD_RUNPATH_SEARCH_PATHS = (
					"$(inherited)",
					"@executable_path/Frameworks",
				);
				MARKETING_VERSION = 1.0;
				PRODUCT_BUNDLE_IDENTIFIER = su.andrerusso.TwitterCloneSwiftUI;
				PRODUCT_NAME = "$(TARGET_NAME)";
				SWIFT_EMIT_LOC_STRINGS = YES;
				SWIFT_VERSION = 5.0;
				TARGETED_DEVICE_FAMILY = "1,2";
			};
			name = Debug;
		};
		B4BF53EA28F5528C0019ED81 /* Release */ = {
			isa = XCBuildConfiguration;
			buildSettings = {
				ASSETCATALOG_COMPILER_APPICON_NAME = AppIcon;
				ASSETCATALOG_COMPILER_GLOBAL_ACCENT_COLOR_NAME = AccentColor;
				CODE_SIGN_STYLE = Automatic;
				CURRENT_PROJECT_VERSION = 1;
				DEVELOPMENT_ASSET_PATHS = "\"TwitterCloneSwiftUi/Preview Content\"";
				DEVELOPMENT_TEAM = Z4S8VL3GHH;
				ENABLE_PREVIEWS = YES;
				GENERATE_INFOPLIST_FILE = YES;
				INFOPLIST_KEY_UIApplicationSceneManifest_Generation = YES;
				INFOPLIST_KEY_UIApplicationSupportsIndirectInputEvents = YES;
				INFOPLIST_KEY_UILaunchScreen_Generation = YES;
				INFOPLIST_KEY_UISupportedInterfaceOrientations_iPad = "UIInterfaceOrientationPortrait UIInterfaceOrientationPortraitUpsideDown UIInterfaceOrientationLandscapeLeft UIInterfaceOrientationLandscapeRight";
				INFOPLIST_KEY_UISupportedInterfaceOrientations_iPhone = "UIInterfaceOrientationPortrait UIInterfaceOrientationLandscapeLeft UIInterfaceOrientationLandscapeRight";
				LD_RUNPATH_SEARCH_PATHS = (
					"$(inherited)",
					"@executable_path/Frameworks",
				);
				MARKETING_VERSION = 1.0;
				PRODUCT_BUNDLE_IDENTIFIER = su.andrerusso.TwitterCloneSwiftUI;
				PRODUCT_NAME = "$(TARGET_NAME)";
				SWIFT_EMIT_LOC_STRINGS = YES;
				SWIFT_VERSION = 5.0;
				TARGETED_DEVICE_FAMILY = "1,2";
			};
			name = Release;
		};
/* End XCBuildConfiguration section */

/* Begin XCConfigurationList section */
		B4BF53D528F5528B0019ED81 /* Build configuration list for PBXProject "TwitterCloneSwiftUi" */ = {
			isa = XCConfigurationList;
			buildConfigurations = (
				B4BF53E628F5528C0019ED81 /* Debug */,
				B4BF53E728F5528C0019ED81 /* Release */,
			);
			defaultConfigurationIsVisible = 0;
			defaultConfigurationName = Release;
		};
		B4BF53E828F5528C0019ED81 /* Build configuration list for PBXNativeTarget "TwitterCloneSwiftUi" */ = {
			isa = XCConfigurationList;
			buildConfigurations = (
				B4BF53E928F5528C0019ED81 /* Debug */,
				B4BF53EA28F5528C0019ED81 /* Release */,
			);
			defaultConfigurationIsVisible = 0;
			defaultConfigurationName = Release;
		};
/* End XCConfigurationList section */

/* Begin XCRemoteSwiftPackageReference section */
		B490B1FB28FCA29000844563 /* XCRemoteSwiftPackageReference "swift-collections" */ = {
			isa = XCRemoteSwiftPackageReference;
			repositoryURL = "https://github.com/apple/swift-collections.git";
			requirement = {
				branch = main;
				kind = branch;
			};
		};
		B490B1FE28FD2F9500844563 /* XCRemoteSwiftPackageReference "firebase-ios-sdk" */ = {
			isa = XCRemoteSwiftPackageReference;
			repositoryURL = "https://github.com/firebase/firebase-ios-sdk";
			requirement = {
				kind = upToNextMajorVersion;
				minimumVersion = 9.0.0;
			};
		};
/* End XCRemoteSwiftPackageReference section */

/* Begin XCSwiftPackageProductDependency section */
		B490B1FC28FCA29000844563 /* OrderedCollections */ = {
			isa = XCSwiftPackageProductDependency;
			package = B490B1FB28FCA29000844563 /* XCRemoteSwiftPackageReference "swift-collections" */;
			productName = OrderedCollections;
		};
		B490B1FF28FD2F9500844563 /* FirebaseAuth */ = {
			isa = XCSwiftPackageProductDependency;
			package = B490B1FE28FD2F9500844563 /* XCRemoteSwiftPackageReference "firebase-ios-sdk" */;
			productName = FirebaseAuth;
		};
		B490B20128FD2F9500844563 /* FirebaseFirestore */ = {
			isa = XCSwiftPackageProductDependency;
			package = B490B1FE28FD2F9500844563 /* XCRemoteSwiftPackageReference "firebase-ios-sdk" */;
			productName = FirebaseFirestore;
		};
		B490B20328FD2F9500844563 /* FirebaseFirestoreSwift */ = {
			isa = XCSwiftPackageProductDependency;
			package = B490B1FE28FD2F9500844563 /* XCRemoteSwiftPackageReference "firebase-ios-sdk" */;
			productName = FirebaseFirestoreSwift;
		};
		B490B20528FD2F9500844563 /* FirebaseStorage */ = {
			isa = XCSwiftPackageProductDependency;
			package = B490B1FE28FD2F9500844563 /* XCRemoteSwiftPackageReference "firebase-ios-sdk" */;
			productName = FirebaseStorage;
		};
/* End XCSwiftPackageProductDependency section */
	};
	rootObject = B4BF53D228F5528B0019ED81 /* Project object */;
}
